
Microsoft Visual Studio Solution File, Format Version 12.00
Project("{FAE04EC0-301F-11D3-BF4B-00C04F79EFBC}") = "AIDemo", "AIDemo.csproj", "{F6FD3C86-40CF-4D74-99DC-62B2B7133408}"
EndProject
Global
	GlobalSection(SolutionConfigurationPlatforms) = preSolution
		Debug|Any CPU = Debug|Any CPU
		Release|Any CPU = Release|Any CPU
	EndGlobalSection
	GlobalSection(ProjectConfigurationPlatforms) = postSolution
		{F6FD3C86-40CF-4D74-99DC-62B2B7133408}.Debug|Any CPU.ActiveCfg = Debug|Any CPU
		{F6FD3C86-40CF-4D74-99DC-62B2B7133408}.Debug|Any CPU.Build.0 = Debug|Any CPU
		{F6FD3C86-40CF-4D74-99DC-62B2B7133408}.Release|Any CPU.ActiveCfg = Release|Any CPU
		{F6FD3C86-40CF-4D74-99DC-62B2B7133408}.Release|Any CPU.Build.0 = Release|Any CPU
	EndGlobalSection
EndGlobal
